
Microsoft Visual Studio Solution File, Format Version 12.00
# Visual Studio 2012
Project("{FAE04EC0-301F-11D3-BF4B-00C04F79EFBC}") = "Day01", "Day01\Day01.csproj", "{843B4B46-E379-4A60-A642-01504084B65A}"
EndProject
Project("{FAE04EC0-301F-11D3-BF4B-00C04F79EFBC}") = "Day01.Test", "Day01.Test\Day01.Test.csproj", "{976D10DD-33DB-4B94-A88A-8A4FFC07B410}"
EndProject
Project("{FAE04EC0-301F-11D3-BF4B-00C04F79EFBC}") = "Day02", "Day02\Day02.csproj", "{3A2A06CA-9BFF-4AAB-B096-33469626AFC5}"
EndProject
Project("{FAE04EC0-301F-11D3-BF4B-00C04F79EFBC}") = "Day02.Test", "Day02.Test\Day02.Test.csproj", "{21FA8B97-F869-41EC-86E0-34F0C954A848}"
EndProject
Project("{FAE04EC0-301F-11D3-BF4B-00C04F79EFBC}") = "Common", "Common\Common.csproj", "{97470835-65FC-44AE-8547-972582B7DC78}"
EndProject
Project("{FAE04EC0-301F-11D3-BF4B-00C04F79EFBC}") = "Common.Test", "Common.Test\Common.Test.csproj", "{2FFC44E0-EFC6-412F-AFDA-107BBDBC9A7E}"
EndProject
Project("{FAE04EC0-301F-11D3-BF4B-00C04F79EFBC}") = "Day03", "Day03\Day03.csproj", "{839E1DDC-0075-4C12-9201-B50DA457D6AA}"
EndProject
Project("{FAE04EC0-301F-11D3-BF4B-00C04F79EFBC}") = "Day03.Test", "Day03.Test\Day03.Test.csproj", "{24D35F6F-8725-4E79-A4FD-08D2B61773F7}"
EndProject
Project("{FAE04EC0-301F-11D3-BF4B-00C04F79EFBC}") = "Day04", "Day04\Day04.csproj", "{490B1F90-43D3-4A6C-9510-748763C919DF}"
EndProject
Project("{FAE04EC0-301F-11D3-BF4B-00C04F79EFBC}") = "Day04.Test", "Day04.Test\Day04.Test.csproj", "{4A089DCE-B28A-43E0-9706-91C713309C57}"
EndProject
Project("{FAE04EC0-301F-11D3-BF4B-00C04F79EFBC}") = "Day05", "Day05\Day05.csproj", "{0F7DB732-89EE-427D-AB8E-231DA9C63491}"
EndProject
Project("{FAE04EC0-301F-11D3-BF4B-00C04F79EFBC}") = "Day05.Test", "Day05.Test\Day05.Test.csproj", "{39418FB6-64F5-49F2-863C-5466D9C0EE97}"
EndProject
Global
	GlobalSection(SolutionConfigurationPlatforms) = preSolution
		Debug|Any CPU = Debug|Any CPU
	EndGlobalSection
	GlobalSection(ProjectConfigurationPlatforms) = postSolution
		{843B4B46-E379-4A60-A642-01504084B65A}.Debug|Any CPU.ActiveCfg = Debug|Any CPU
		{843B4B46-E379-4A60-A642-01504084B65A}.Debug|Any CPU.Build.0 = Debug|Any CPU
		{976D10DD-33DB-4B94-A88A-8A4FFC07B410}.Debug|Any CPU.ActiveCfg = Debug|Any CPU
		{976D10DD-33DB-4B94-A88A-8A4FFC07B410}.Debug|Any CPU.Build.0 = Debug|Any CPU
		{3A2A06CA-9BFF-4AAB-B096-33469626AFC5}.Debug|Any CPU.ActiveCfg = Debug|Any CPU
		{3A2A06CA-9BFF-4AAB-B096-33469626AFC5}.Debug|Any CPU.Build.0 = Debug|Any CPU
		{21FA8B97-F869-41EC-86E0-34F0C954A848}.Debug|Any CPU.ActiveCfg = Debug|Any CPU
		{21FA8B97-F869-41EC-86E0-34F0C954A848}.Debug|Any CPU.Build.0 = Debug|Any CPU
		{97470835-65FC-44AE-8547-972582B7DC78}.Debug|Any CPU.ActiveCfg = Debug|Any CPU
		{97470835-65FC-44AE-8547-972582B7DC78}.Debug|Any CPU.Build.0 = Debug|Any CPU
		{2FFC44E0-EFC6-412F-AFDA-107BBDBC9A7E}.Debug|Any CPU.ActiveCfg = Debug|Any CPU
		{2FFC44E0-EFC6-412F-AFDA-107BBDBC9A7E}.Debug|Any CPU.Build.0 = Debug|Any CPU
		{839E1DDC-0075-4C12-9201-B50DA457D6AA}.Debug|Any CPU.ActiveCfg = Debug|Any CPU
		{839E1DDC-0075-4C12-9201-B50DA457D6AA}.Debug|Any CPU.Build.0 = Debug|Any CPU
		{24D35F6F-8725-4E79-A4FD-08D2B61773F7}.Debug|Any CPU.ActiveCfg = Debug|Any CPU
		{24D35F6F-8725-4E79-A4FD-08D2B61773F7}.Debug|Any CPU.Build.0 = Debug|Any CPU
		{490B1F90-43D3-4A6C-9510-748763C919DF}.Debug|Any CPU.ActiveCfg = Debug|Any CPU
		{490B1F90-43D3-4A6C-9510-748763C919DF}.Debug|Any CPU.Build.0 = Debug|Any CPU
		{4A089DCE-B28A-43E0-9706-91C713309C57}.Debug|Any CPU.ActiveCfg = Debug|Any CPU
		{4A089DCE-B28A-43E0-9706-91C713309C57}.Debug|Any CPU.Build.0 = Debug|Any CPU
		{0F7DB732-89EE-427D-AB8E-231DA9C63491}.Debug|Any CPU.ActiveCfg = Debug|Any CPU
		{0F7DB732-89EE-427D-AB8E-231DA9C63491}.Debug|Any CPU.Build.0 = Debug|Any CPU
		{39418FB6-64F5-49F2-863C-5466D9C0EE97}.Debug|Any CPU.ActiveCfg = Debug|Any CPU
		{39418FB6-64F5-49F2-863C-5466D9C0EE97}.Debug|Any CPU.Build.0 = Debug|Any CPU
	EndGlobalSection
EndGlobal
