
Microsoft Visual Studio Solution File, Format Version 12.00
# Visual Studio 2012
Project("{FAE04EC0-301F-11D3-BF4B-00C04F79EFBC}") = "Day01", "Day01\Day01.csproj", "{843B4B46-E379-4A60-A642-01504084B65A}"
EndProject
Project("{FAE04EC0-301F-11D3-BF4B-00C04F79EFBC}") = "Day01.Test", "Day01.Test\Day01.Test.csproj", "{976D10DD-33DB-4B94-A88A-8A4FFC07B410}"
EndProject
Project("{FAE04EC0-301F-11D3-BF4B-00C04F79EFBC}") = "Day02", "Day02\Day02.csproj", "{3A2A06CA-9BFF-4AAB-B096-33469626AFC5}"
EndProject
Project("{FAE04EC0-301F-11D3-BF4B-00C04F79EFBC}") = "Day02.Test", "Day02.Test\Day02.Test.csproj", "{21FA8B97-F869-41EC-86E0-34F0C954A848}"
EndProject
Project("{FAE04EC0-301F-11D3-BF4B-00C04F79EFBC}") = "Common", "Common\Common.csproj", "{97470835-65FC-44AE-8547-972582B7DC78}"
EndProject
Project("{FAE04EC0-301F-11D3-BF4B-00C04F79EFBC}") = "Common.Test", "Common.Test\Common.Test.csproj", "{2FFC44E0-EFC6-412F-AFDA-107BBDBC9A7E}"
EndProject
Project("{FAE04EC0-301F-11D3-BF4B-00C04F79EFBC}") = "Day03", "Day03\Day03.csproj", "{839E1DDC-0075-4C12-9201-B50DA457D6AA}"
EndProject
Project("{FAE04EC0-301F-11D3-BF4B-00C04F79EFBC}") = "Day03.Test", "Day03.Test\Day03.Test.csproj", "{24D35F6F-8725-4E79-A4FD-08D2B61773F7}"
EndProject
Project("{FAE04EC0-301F-11D3-BF4B-00C04F79EFBC}") = "Day04", "Day04\Day04.csproj", "{490B1F90-43D3-4A6C-9510-748763C919DF}"
EndProject
Project("{FAE04EC0-301F-11D3-BF4B-00C04F79EFBC}") = "Day04.Test", "Day04.Test\Day04.Test.csproj", "{4A089DCE-B28A-43E0-9706-91C713309C57}"
EndProject
Project("{FAE04EC0-301F-11D3-BF4B-00C04F79EFBC}") = "Day05", "Day05\Day05.csproj", "{0F7DB732-89EE-427D-AB8E-231DA9C63491}"
EndProject
Project("{FAE04EC0-301F-11D3-BF4B-00C04F79EFBC}") = "Day05.Test", "Day05.Test\Day05.Test.csproj", "{39418FB6-64F5-49F2-863C-5466D9C0EE97}"
EndProject
Project("{FAE04EC0-301F-11D3-BF4B-00C04F79EFBC}") = "Day06", "Day06\Day06.csproj", "{C9D93189-6566-4AC7-8115-7818F405A468}"
EndProject
Project("{FAE04EC0-301F-11D3-BF4B-00C04F79EFBC}") = "Day06.Test", "Day06.Test\Day06.Test.csproj", "{6366507A-B104-4FDE-BC86-4523CC82E0D4}"
EndProject
Project("{FAE04EC0-301F-11D3-BF4B-00C04F79EFBC}") = "Day07", "Day07\Day07.csproj", "{563254BE-2D9B-41D0-A6B5-F80DA28D50B8}"
EndProject
Project("{FAE04EC0-301F-11D3-BF4B-00C04F79EFBC}") = "Day07.Test", "Day07.Test\Day07.Test.csproj", "{FF508A83-B1BF-45A2-B6C6-187E19AF5115}"
EndProject
Project("{FAE04EC0-301F-11D3-BF4B-00C04F79EFBC}") = "Day08", "Day08\Day08.csproj", "{AD949779-E533-48C9-A0F9-2D2857F1FAF2}"
EndProject
Project("{FAE04EC0-301F-11D3-BF4B-00C04F79EFBC}") = "Day08.Test", "Day08.Test\Day08.Test.csproj", "{88FD0A26-32EC-4422-8FB7-F8D97671E64B}"
EndProject
Project("{FAE04EC0-301F-11D3-BF4B-00C04F79EFBC}") = "Day09", "Day09\Day09.csproj", "{DC4E7E48-9C71-4D91-9920-7213A6B0C45F}"
EndProject
Project("{FAE04EC0-301F-11D3-BF4B-00C04F79EFBC}") = "Day09.Test", "Day09.Test\Day09.Test.csproj", "{48C2F511-78AE-4963-808C-DAB1480D8F88}"
EndProject
Project("{FAE04EC0-301F-11D3-BF4B-00C04F79EFBC}") = "Day10", "Day10\Day10.csproj", "{A53EFB2A-055D-47A0-B7EC-930AC4856E15}"
EndProject
Project("{FAE04EC0-301F-11D3-BF4B-00C04F79EFBC}") = "Day10.Test", "Day10.Test\Day10.Test.csproj", "{C3207FFA-01E3-4D6E-BDE8-F234442105F8}"
EndProject
Project("{FAE04EC0-301F-11D3-BF4B-00C04F79EFBC}") = "Day11", "Day11\Day11.csproj", "{444C1C46-736F-4B91-9436-8A37602D78C9}"
EndProject
Project("{FAE04EC0-301F-11D3-BF4B-00C04F79EFBC}") = "Day11.Test", "Day11.Test\Day11.Test.csproj", "{E4632880-A5A4-43F3-9A5C-2E131F14BB73}"
EndProject
Project("{FAE04EC0-301F-11D3-BF4B-00C04F79EFBC}") = "Day12", "Day12\Day12.csproj", "{F3C21F67-D93C-4A0B-8ACC-9CC16E5080B7}"
EndProject
Project("{FAE04EC0-301F-11D3-BF4B-00C04F79EFBC}") = "Day12.Test", "Day12.Test\Day12.Test.csproj", "{888A84E5-8D2C-4495-AD0B-F5C8BB668034}"
EndProject
Project("{FAE04EC0-301F-11D3-BF4B-00C04F79EFBC}") = "Day13", "Day13\Day13.csproj", "{74A005BF-F577-4F1F-92F5-DB2AB9EC4E2F}"
EndProject
Project("{FAE04EC0-301F-11D3-BF4B-00C04F79EFBC}") = "Day13.Test", "Day13.Test\Day13.Test.csproj", "{41954A3D-B7FD-4B7B-9CB6-D9BD17E8E13F}"
EndProject
Project("{FAE04EC0-301F-11D3-BF4B-00C04F79EFBC}") = "Day14", "Day14\Day14.csproj", "{1B4027B0-9F94-42B8-9B3C-93CFA648C056}"
EndProject
Project("{FAE04EC0-301F-11D3-BF4B-00C04F79EFBC}") = "Day14.Test", "Day14.Test\Day14.Test.csproj", "{AEF07411-E4F1-426B-9884-40B64F07F3F5}"
EndProject
Project("{FAE04EC0-301F-11D3-BF4B-00C04F79EFBC}") = "Day15", "Day15\Day15.csproj", "{332E9093-5225-4215-A796-C855AD7963EC}"
EndProject
Project("{FAE04EC0-301F-11D3-BF4B-00C04F79EFBC}") = "Day15.Test", "Day15.Test\Day15.Test.csproj", "{0CA4561B-FA60-4A2A-B38E-E807A0C9E418}"
EndProject
Project("{FAE04EC0-301F-11D3-BF4B-00C04F79EFBC}") = "Day16", "Day16\Day16.csproj", "{508EC800-9F2F-4AC3-8067-5247AD5720E8}"
EndProject
Project("{FAE04EC0-301F-11D3-BF4B-00C04F79EFBC}") = "Day16.Test", "Day16.Test\Day16.Test.csproj", "{9381AA4A-258B-4733-8528-1637BCF0689A}"
EndProject
Project("{FAE04EC0-301F-11D3-BF4B-00C04F79EFBC}") = "Day17", "Day17\Day17.csproj", "{53FD596C-C82C-4AF4-9DA6-5A7C058C8186}"
EndProject
Project("{FAE04EC0-301F-11D3-BF4B-00C04F79EFBC}") = "Day17.Test", "Day17.Test\Day17.Test.csproj", "{B4A2E7FE-A443-43E8-BD55-F596D507333A}"
EndProject
Project("{FAE04EC0-301F-11D3-BF4B-00C04F79EFBC}") = "Day18", "Day18\Day18.csproj", "{CE2175B7-83A7-4527-AD92-F5AB0B709741}"
EndProject
Project("{FAE04EC0-301F-11D3-BF4B-00C04F79EFBC}") = "Day18.Test", "Day18.Test\Day18.Test.csproj", "{E4E6210C-A95A-43D3-8FA1-9E417F6FF8C4}"
EndProject
Project("{FAE04EC0-301F-11D3-BF4B-00C04F79EFBC}") = "Day19", "Day19\Day19.csproj", "{57668C0A-454A-4E4B-A066-7DCBA313B8EE}"
EndProject
Project("{FAE04EC0-301F-11D3-BF4B-00C04F79EFBC}") = "Day19.Test", "Day19.Test\Day19.Test.csproj", "{EE1BB0E4-8493-4EDA-AEC6-4CB2521AA152}"
EndProject
Project("{FAE04EC0-301F-11D3-BF4B-00C04F79EFBC}") = "Day20", "Day20\Day20.csproj", "{35EBEBBD-1FD0-4A2A-8FE7-229C4EFE9F0D}"
EndProject
Project("{FAE04EC0-301F-11D3-BF4B-00C04F79EFBC}") = "Day20.Test", "Day20.Test\Day20.Test.csproj", "{09CE393F-7152-4A31-ABCA-EBAAFE0DBD24}"
EndProject
Global
	GlobalSection(SolutionConfigurationPlatforms) = preSolution
		Debug|Any CPU = Debug|Any CPU
	EndGlobalSection
	GlobalSection(ProjectConfigurationPlatforms) = postSolution
		{843B4B46-E379-4A60-A642-01504084B65A}.Debug|Any CPU.ActiveCfg = Debug|Any CPU
		{843B4B46-E379-4A60-A642-01504084B65A}.Debug|Any CPU.Build.0 = Debug|Any CPU
		{976D10DD-33DB-4B94-A88A-8A4FFC07B410}.Debug|Any CPU.ActiveCfg = Debug|Any CPU
		{976D10DD-33DB-4B94-A88A-8A4FFC07B410}.Debug|Any CPU.Build.0 = Debug|Any CPU
		{3A2A06CA-9BFF-4AAB-B096-33469626AFC5}.Debug|Any CPU.ActiveCfg = Debug|Any CPU
		{3A2A06CA-9BFF-4AAB-B096-33469626AFC5}.Debug|Any CPU.Build.0 = Debug|Any CPU
		{21FA8B97-F869-41EC-86E0-34F0C954A848}.Debug|Any CPU.ActiveCfg = Debug|Any CPU
		{21FA8B97-F869-41EC-86E0-34F0C954A848}.Debug|Any CPU.Build.0 = Debug|Any CPU
		{97470835-65FC-44AE-8547-972582B7DC78}.Debug|Any CPU.ActiveCfg = Debug|Any CPU
		{97470835-65FC-44AE-8547-972582B7DC78}.Debug|Any CPU.Build.0 = Debug|Any CPU
		{2FFC44E0-EFC6-412F-AFDA-107BBDBC9A7E}.Debug|Any CPU.ActiveCfg = Debug|Any CPU
		{2FFC44E0-EFC6-412F-AFDA-107BBDBC9A7E}.Debug|Any CPU.Build.0 = Debug|Any CPU
		{839E1DDC-0075-4C12-9201-B50DA457D6AA}.Debug|Any CPU.ActiveCfg = Debug|Any CPU
		{839E1DDC-0075-4C12-9201-B50DA457D6AA}.Debug|Any CPU.Build.0 = Debug|Any CPU
		{24D35F6F-8725-4E79-A4FD-08D2B61773F7}.Debug|Any CPU.ActiveCfg = Debug|Any CPU
		{24D35F6F-8725-4E79-A4FD-08D2B61773F7}.Debug|Any CPU.Build.0 = Debug|Any CPU
		{490B1F90-43D3-4A6C-9510-748763C919DF}.Debug|Any CPU.ActiveCfg = Debug|Any CPU
		{490B1F90-43D3-4A6C-9510-748763C919DF}.Debug|Any CPU.Build.0 = Debug|Any CPU
		{4A089DCE-B28A-43E0-9706-91C713309C57}.Debug|Any CPU.ActiveCfg = Debug|Any CPU
		{4A089DCE-B28A-43E0-9706-91C713309C57}.Debug|Any CPU.Build.0 = Debug|Any CPU
		{0F7DB732-89EE-427D-AB8E-231DA9C63491}.Debug|Any CPU.ActiveCfg = Debug|Any CPU
		{0F7DB732-89EE-427D-AB8E-231DA9C63491}.Debug|Any CPU.Build.0 = Debug|Any CPU
		{39418FB6-64F5-49F2-863C-5466D9C0EE97}.Debug|Any CPU.ActiveCfg = Debug|Any CPU
		{39418FB6-64F5-49F2-863C-5466D9C0EE97}.Debug|Any CPU.Build.0 = Debug|Any CPU
		{C9D93189-6566-4AC7-8115-7818F405A468}.Debug|Any CPU.ActiveCfg = Debug|Any CPU
		{C9D93189-6566-4AC7-8115-7818F405A468}.Debug|Any CPU.Build.0 = Debug|Any CPU
		{6366507A-B104-4FDE-BC86-4523CC82E0D4}.Debug|Any CPU.ActiveCfg = Debug|Any CPU
		{6366507A-B104-4FDE-BC86-4523CC82E0D4}.Debug|Any CPU.Build.0 = Debug|Any CPU
		{563254BE-2D9B-41D0-A6B5-F80DA28D50B8}.Debug|Any CPU.ActiveCfg = Debug|Any CPU
		{563254BE-2D9B-41D0-A6B5-F80DA28D50B8}.Debug|Any CPU.Build.0 = Debug|Any CPU
		{FF508A83-B1BF-45A2-B6C6-187E19AF5115}.Debug|Any CPU.ActiveCfg = Debug|Any CPU
		{FF508A83-B1BF-45A2-B6C6-187E19AF5115}.Debug|Any CPU.Build.0 = Debug|Any CPU
		{AD949779-E533-48C9-A0F9-2D2857F1FAF2}.Debug|Any CPU.ActiveCfg = Debug|Any CPU
		{AD949779-E533-48C9-A0F9-2D2857F1FAF2}.Debug|Any CPU.Build.0 = Debug|Any CPU
		{88FD0A26-32EC-4422-8FB7-F8D97671E64B}.Debug|Any CPU.ActiveCfg = Debug|Any CPU
		{88FD0A26-32EC-4422-8FB7-F8D97671E64B}.Debug|Any CPU.Build.0 = Debug|Any CPU
		{DC4E7E48-9C71-4D91-9920-7213A6B0C45F}.Debug|Any CPU.ActiveCfg = Debug|Any CPU
		{DC4E7E48-9C71-4D91-9920-7213A6B0C45F}.Debug|Any CPU.Build.0 = Debug|Any CPU
		{48C2F511-78AE-4963-808C-DAB1480D8F88}.Debug|Any CPU.ActiveCfg = Debug|Any CPU
		{48C2F511-78AE-4963-808C-DAB1480D8F88}.Debug|Any CPU.Build.0 = Debug|Any CPU
		{A53EFB2A-055D-47A0-B7EC-930AC4856E15}.Debug|Any CPU.ActiveCfg = Debug|Any CPU
		{A53EFB2A-055D-47A0-B7EC-930AC4856E15}.Debug|Any CPU.Build.0 = Debug|Any CPU
		{C3207FFA-01E3-4D6E-BDE8-F234442105F8}.Debug|Any CPU.ActiveCfg = Debug|Any CPU
		{C3207FFA-01E3-4D6E-BDE8-F234442105F8}.Debug|Any CPU.Build.0 = Debug|Any CPU
		{444C1C46-736F-4B91-9436-8A37602D78C9}.Debug|Any CPU.ActiveCfg = Debug|Any CPU
		{444C1C46-736F-4B91-9436-8A37602D78C9}.Debug|Any CPU.Build.0 = Debug|Any CPU
		{E4632880-A5A4-43F3-9A5C-2E131F14BB73}.Debug|Any CPU.ActiveCfg = Debug|Any CPU
		{E4632880-A5A4-43F3-9A5C-2E131F14BB73}.Debug|Any CPU.Build.0 = Debug|Any CPU
		{F3C21F67-D93C-4A0B-8ACC-9CC16E5080B7}.Debug|Any CPU.ActiveCfg = Debug|Any CPU
		{F3C21F67-D93C-4A0B-8ACC-9CC16E5080B7}.Debug|Any CPU.Build.0 = Debug|Any CPU
		{888A84E5-8D2C-4495-AD0B-F5C8BB668034}.Debug|Any CPU.ActiveCfg = Debug|Any CPU
		{888A84E5-8D2C-4495-AD0B-F5C8BB668034}.Debug|Any CPU.Build.0 = Debug|Any CPU
		{74A005BF-F577-4F1F-92F5-DB2AB9EC4E2F}.Debug|Any CPU.ActiveCfg = Debug|Any CPU
		{74A005BF-F577-4F1F-92F5-DB2AB9EC4E2F}.Debug|Any CPU.Build.0 = Debug|Any CPU
		{41954A3D-B7FD-4B7B-9CB6-D9BD17E8E13F}.Debug|Any CPU.ActiveCfg = Debug|Any CPU
		{41954A3D-B7FD-4B7B-9CB6-D9BD17E8E13F}.Debug|Any CPU.Build.0 = Debug|Any CPU
		{1B4027B0-9F94-42B8-9B3C-93CFA648C056}.Debug|Any CPU.ActiveCfg = Debug|Any CPU
		{1B4027B0-9F94-42B8-9B3C-93CFA648C056}.Debug|Any CPU.Build.0 = Debug|Any CPU
		{AEF07411-E4F1-426B-9884-40B64F07F3F5}.Debug|Any CPU.ActiveCfg = Debug|Any CPU
		{AEF07411-E4F1-426B-9884-40B64F07F3F5}.Debug|Any CPU.Build.0 = Debug|Any CPU
		{332E9093-5225-4215-A796-C855AD7963EC}.Debug|Any CPU.ActiveCfg = Debug|Any CPU
		{332E9093-5225-4215-A796-C855AD7963EC}.Debug|Any CPU.Build.0 = Debug|Any CPU
		{0CA4561B-FA60-4A2A-B38E-E807A0C9E418}.Debug|Any CPU.ActiveCfg = Debug|Any CPU
		{0CA4561B-FA60-4A2A-B38E-E807A0C9E418}.Debug|Any CPU.Build.0 = Debug|Any CPU
		{508EC800-9F2F-4AC3-8067-5247AD5720E8}.Debug|Any CPU.ActiveCfg = Debug|Any CPU
		{508EC800-9F2F-4AC3-8067-5247AD5720E8}.Debug|Any CPU.Build.0 = Debug|Any CPU
		{9381AA4A-258B-4733-8528-1637BCF0689A}.Debug|Any CPU.ActiveCfg = Debug|Any CPU
		{9381AA4A-258B-4733-8528-1637BCF0689A}.Debug|Any CPU.Build.0 = Debug|Any CPU
		{53FD596C-C82C-4AF4-9DA6-5A7C058C8186}.Debug|Any CPU.ActiveCfg = Debug|Any CPU
		{53FD596C-C82C-4AF4-9DA6-5A7C058C8186}.Debug|Any CPU.Build.0 = Debug|Any CPU
		{B4A2E7FE-A443-43E8-BD55-F596D507333A}.Debug|Any CPU.ActiveCfg = Debug|Any CPU
		{B4A2E7FE-A443-43E8-BD55-F596D507333A}.Debug|Any CPU.Build.0 = Debug|Any CPU
		{CE2175B7-83A7-4527-AD92-F5AB0B709741}.Debug|Any CPU.ActiveCfg = Debug|Any CPU
		{CE2175B7-83A7-4527-AD92-F5AB0B709741}.Debug|Any CPU.Build.0 = Debug|Any CPU
		{E4E6210C-A95A-43D3-8FA1-9E417F6FF8C4}.Debug|Any CPU.ActiveCfg = Debug|Any CPU
		{E4E6210C-A95A-43D3-8FA1-9E417F6FF8C4}.Debug|Any CPU.Build.0 = Debug|Any CPU
		{57668C0A-454A-4E4B-A066-7DCBA313B8EE}.Debug|Any CPU.ActiveCfg = Debug|Any CPU
		{57668C0A-454A-4E4B-A066-7DCBA313B8EE}.Debug|Any CPU.Build.0 = Debug|Any CPU
		{EE1BB0E4-8493-4EDA-AEC6-4CB2521AA152}.Debug|Any CPU.ActiveCfg = Debug|Any CPU
		{EE1BB0E4-8493-4EDA-AEC6-4CB2521AA152}.Debug|Any CPU.Build.0 = Debug|Any CPU
		{35EBEBBD-1FD0-4A2A-8FE7-229C4EFE9F0D}.Debug|Any CPU.ActiveCfg = Debug|Any CPU
		{35EBEBBD-1FD0-4A2A-8FE7-229C4EFE9F0D}.Debug|Any CPU.Build.0 = Debug|Any CPU
		{09CE393F-7152-4A31-ABCA-EBAAFE0DBD24}.Debug|Any CPU.ActiveCfg = Debug|Any CPU
		{09CE393F-7152-4A31-ABCA-EBAAFE0DBD24}.Debug|Any CPU.Build.0 = Debug|Any CPU
	EndGlobalSection
EndGlobal
